%{
  "beam_notify": {:hex, :beam_notify, "1.1.1", "da7dd04f16120bcab71f01ff81607ea38ad78af859cd87fad2012eac8feab034", [:make, :mix], [{:elixir_make, "~> 0.6", [hex: :elixir_make, repo: "hexpm", optional: false]}], "hexpm", "5a09fc8449171da423f781de16b95cdec52763e60308345de6f15358c2382a42"},
  "bmp280": {:hex, :bmp280, "0.2.13", "2599e8cd7cbc11762f5f0da00ef42238bd20bb5c6b9a90291200f6171f62068b", [:mix], [{:circuits_i2c, "~> 0.3.0 or ~> 1.0 or ~> 2.0", [hex: :circuits_i2c, repo: "hexpm", optional: false]}], "hexpm", "01bb119684be8a82a03f51b0540c816b7a68667b3958bbb8009f830ac198c883"},
  "circuits_gpio": {:hex, :circuits_gpio, "2.1.3", "7f5b8262a7ee39729b11b42cb5ce3216145649aa315fd08fc3405ca7139382b4", [:make, :mix], [{:elixir_make, "~> 0.6", [hex: :elixir_make, repo: "hexpm", optional: false]}], "hexpm", "8616d3085f0e3b794f330cef8d4200ed83a0a2a8edf011d75d9e024299118220"},
  "circuits_i2c": {:hex, :circuits_i2c, "2.1.0", "0656ea5d106744c498a8cd778f39c0685ab574e3da7159814cfbfe709001f0e5", [:make, :mix], [{:elixir_make, "~> 0.6", [hex: :elixir_make, repo: "hexpm", optional: false]}], "hexpm", "3751a875a9d728080fdbc5fd352f728d4746a82e17e52f4444c406200349f6ac"},
  "cowboy": {:hex, :cowboy, "2.14.2", "4008be1df6ade45e4f2a4e9e2d22b36d0b5aba4e20b0a0d7049e28d124e34847", [:make, :rebar3], [{:cowlib, ">= 2.16.0 and < 3.0.0", [hex: :cowlib, repo: "hexpm", optional: false]}, {:ranch, ">= 1.8.0 and < 3.0.0", [hex: :ranch, repo: "hexpm", optional: false]}], "hexpm", "569081da046e7b41b5df36aa359be71a0c8874e5b9cff6f747073fc57baf1ab9"},
  "cowboy_telemetry": {:hex, :cowboy_telemetry, "0.4.0", "f239f68b588efa7707abce16a84d0d2acf3a0f50571f8bb7f56a15865aae820c", [:rebar3], [{:cowboy, "~> 2.7", [hex: :cowboy, repo: "hexpm", optional: false]}, {:telemetry, "~> 1.0", [hex: :telemetry, repo: "hexpm", optional: false]}], "hexpm", "7d98bac1ee4565d31b62d59f8823dfd8356a169e7fcbb83831b8a5397404c9de"},
  "cowlib": {:hex, :cowlib, "2.16.0", "54592074ebbbb92ee4746c8a8846e5605052f29309d3a873468d76cdf932076f", [:make, :rebar3], [], "hexpm", "7f478d80d66b747344f0ea7708c187645cfcc08b11aa424632f78e25bf05db51"},
  "delux": {:hex, :delux, "0.4.1", "9a8eb85101a189da8e2a318ffe6ae4da551b287ce261b0468e2634f85bb37141", [:mix], [], "hexpm", "d639eafd80c535a3bfd62e589b38e89cef9f5318c80903019711e29df8cd1439"},
  "elixir_make": {:hex, :elixir_make, "0.9.0", "6484b3cd8c0cee58f09f05ecaf1a140a8c97670671a6a0e7ab4dc326c3109726", [:mix], [], "hexpm", "db23d4fd8b757462ad02f8aa73431a426fe6671c80b200d9710caf3d1dd0ffdb"},
  "jason": {:hex, :jason, "1.4.5", "2e3a008590b0b8d7388c20293e9dcc9cf3e5d642fd2a114e4cbbb52e595d940a", [:mix], [{:decimal, "~> 1.0 or ~> 2.0 or ~> 3.0", [hex: :decimal, repo: "hexpm", optional: true]}], "hexpm", "b0c823996102bcd0239b3c2444eb00409b72f6a140c1950bc8b457d836b30684"},
  "mime": {:hex, :mime, "2.0.7", "b8d739037be7cd402aee1ba0306edfdef982687ee7e9859bee6198c1e7e2f128", [:mix], [], "hexpm", "6171188e399ee16023ffc5b76ce445eb6d9672e2e241d2df6050f3c771e80ccd"},
  "muontrap": {:hex, :muontrap, "1.7.0", "ff6eda43839194dc342b81e02e764fd75389a8ab166318548f3aaec374846600", [:make, :mix], [{:elixir_make, "~> 0.6", [hex: :elixir_make, repo: "hexpm", optional: false]}], "hexpm", "7bd4a90ae008bf6a25554aa13497b2c05dfa1fcc34be5bdcb8fb4dec9b3422e3"},
  "nerves_time": {:hex, :nerves_time, "0.4.10", "6b93b86048a60bb59d84334618b6d27892a39e3dfd08a87efa49f9a1e103bf86", [:make, :mix], [{:elixir_make, "~> 0.6", [hex: :elixir_make, repo: "hexpm", optional: false]}, {:muontrap, "~> 0.5 or ~> 1.0", [hex: :muontrap, repo: "hexpm", optional: false]}], "hexpm", "7c24a4b3084d2826f9e7be415b20e6c63aaeb86113ac767e1ddf2203ed6695d2"},
  "nerves_time_zones": {:hex, :nerves_time_zones, "0.3.8", "ebe8496bf14d31243da42d221502c7b644d89afa2aa914a9becdf9eb994f233c", [:make, :mix], [{:elixir_make, "~> 0.6", [hex: :elixir_make, repo: "hexpm", optional: false]}, {:zoneinfo, "~> 0.1.2", [hex: :zoneinfo, repo: "hexpm", optional: false]}], "hexpm", "b8ef684cc43200b8444d1883bdce0078ef3ea2ca0b32411253d1e950fcfc96b7"},
  "phoenix_html": {:hex, :phoenix_html, "4.3.0", "d3577a5df4b6954cd7890c84d955c470b5310bb49647f0a114a6eeecc850f7ad", [:mix], [], "hexpm", "3eaa290a78bab0f075f791a46a981bbe769d94bc776869f4f3063a14f30497ad"},
  "plug": {:hex, :plug, "1.19.1", "09bac17ae7a001a68ae393658aa23c7e38782be5c5c00c80be82901262c394c0", [:mix], [{:mime, "~> 1.0 or ~> 2.0", [hex: :mime, repo: "hexpm", optional: false]}, {:plug_crypto, "~> 1.1.1 or ~> 1.2 or ~> 2.0", [hex: :plug_crypto, repo: "hexpm", optional: false]}, {:telemetry, "~> 0.4.3 or ~> 1.0", [hex: :telemetry, repo: "hexpm", optional: false]}], "hexpm", "560a0017a8f6d5d30146916862aaf9300b7280063651dd7e532b8be168511e62"},
  "plug_cowboy": {:hex, :plug_cowboy, "2.8.1", "5aa391a5e8d1ac3192e36a3bcaff12b5fd6ef6c7e29b53a38e63a860783e77d0", [:mix], [{:cowboy, "~> 2.7", [hex: :cowboy, repo: "hexpm", optional: false]}, {:cowboy_telemetry, "~> 0.3", [hex: :cowboy_telemetry, repo: "hexpm", optional: false]}, {:plug, "~> 1.14", [hex: :plug, repo: "hexpm", optional: false]}], "hexpm", "4c200288673d5bc86a0ab7dc6a2a069176a74e5d573ef62740a1c517458a5f26"},
  "plug_crypto": {:hex, :plug_crypto, "2.1.1", "19bda8184399cb24afa10be734f84a16ea0a2bc65054e23a62bb10f06bc89491", [:mix], [], "hexpm", "6470bce6ffe41c8bd497612ffde1a7e4af67f36a15eea5f921af71cf3e11247c"},
  "property_table": {:hex, :property_table, "0.3.3", "7a31cc1c6d9e0a532787f56bee6d9a6067205d9c24c6d64e8ba851837d59f297", [:mix], [], "hexpm", "738a1584ab56237443e0fccaa0cf4a1da058c0c992948bcd73fed1a99de5696e"},
  "ranch": {:hex, :ranch, "2.2.0", "25528f82bc8d7c6152c57666ca99ec716510fe0925cb188172f41ce93117b1b0", [:make, :rebar3], [], "hexpm", "fa0b99a1780c80218a4197a59ea8d3bdae32fbff7e88527d7d8a4787eff4f8e7"},
  "telemetry": {:hex, :telemetry, "1.4.2", "a0cb522801dffb1c49fe6e30561badffc7b6d0e180db1300df759faa22062855", [:rebar3], [], "hexpm", "928f6495066506077862c0d1646609eed891a4326bee3126ba54b60af61febb1"},
  "vintage_net": {:hex, :vintage_net, "0.13.9", "23d4402bb97d8ac415237898b39e94275618749c34b848e730ef9ead152cc637", [:make, :mix], [{:beam_notify, "~> 0.2.0 or ~> 1.0", [hex: :beam_notify, repo: "hexpm", optional: false]}, {:elixir_make, "~> 0.6", [hex: :elixir_make, repo: "hexpm", optional: false]}, {:muontrap, "~> 0.5.1 or ~> 0.6.0 or ~> 1.0", [hex: :muontrap, repo: "hexpm", optional: false]}, {:property_table, "~> 0.2.0 or ~> 0.3.0", [hex: :property_table, repo: "hexpm", optional: false]}], "hexpm", "4b432b42762585b9c7aaeed055dfa59227f88759d86111d6e9830ffe1d09981d"},
  "vintage_net_wifi": {:hex, :vintage_net_wifi, "0.12.8", "73e26dd04fc7eefef4a8a225f0bb3b1e4daea0ed1546bdd61ce7b7b9c2ff9232", [:make, :mix], [{:elixir_make, "~> 0.6", [hex: :elixir_make, repo: "hexpm", optional: false]}, {:vintage_net, "~> 0.12.0 or ~> 0.13.0", [hex: :vintage_net, repo: "hexpm", optional: false]}], "hexpm", "b6e6c34aed8ca052dbd2806ba86a72d06b2f3af7ecccae46f3060b60026da037"},
  "vintage_net_wizard": {:hex, :vintage_net_wizard, "0.4.17", "1a406fefccfb2199db918fb5f3ba689ac55379024f539f27e0026477ea4e73d6", [:mix], [{:jason, "~> 1.0", [hex: :jason, repo: "hexpm", optional: false]}, {:phoenix_html, "~> 2.13 or ~> 3.0 or ~> 4.0", [hex: :phoenix_html, repo: "hexpm", optional: false]}, {:plug_cowboy, "~> 2.0", [hex: :plug_cowboy, repo: "hexpm", optional: false]}, {:vintage_net, "~> 0.10.0 or ~> 0.11.0 or ~> 0.12.0 or ~> 0.13.0", [hex: :vintage_net, repo: "hexpm", optional: false]}, {:vintage_net_wifi, "~> 0.12.0", [hex: :vintage_net_wifi, repo: "hexpm", optional: false]}], "hexpm", "e01bc00f74d492de17e3d60481c4d24267cf0397e9091af6a2ea4f5af0568616"},
  "zoneinfo": {:hex, :zoneinfo, "0.1.8", "add41f44e6f19d4d16d9eebe3261d6307c58bdbe7cc61ffb7b18cad346b0467f", [:mix], [], "hexpm", "3999755971bbf85f0c8c75a724be560199bb63406660585849f0eb680e2333f7"},
}
